
Microsoft Visual Studio Solution File, Format Version 12.00
# Visual Studio Version 17
VisualStudioVersion = 17.12.35521.163
MinimumVisualStudioVersion = 10.0.40219.1
Project("{2150E333-8FDC-42A3-9474-1A3956D46DE8}") = "Services", "Services", "{AF646003-382D-4FA3-B57E-79DEB82D0AAA}"
EndProject
Project("{2150E333-8FDC-42A3-9474-1A3956D46DE8}") = "Catalog", "Catalog", "{DF475147-6881-41C1-99C6-D6F2B9601979}"
EndProject
Project("{FAE04EC0-301F-11D3-BF4B-00C04F79EFBC}") = "MultiShop.Catalog", "Services\Catalog\MultiShop.Catalog\MultiShop.Catalog.csproj", "{5BE8F1FD-7BAA-45F8-A6F1-C69B9F28FFA7}"
EndProject
Project("{2150E333-8FDC-42A3-9474-1A3956D46DE8}") = "Discount", "Discount", "{96382D3A-7EE6-49A2-B2AE-DE9078D12468}"
EndProject
Project("{FAE04EC0-301F-11D3-BF4B-00C04F79EFBC}") = "MultiShop.Discount", "Services\Discount\MultiShop.Discount\MultiShop.Discount.csproj", "{F12BC12E-F9E4-4D5E-B5CA-D798A2BEA05E}"
EndProject
Project("{2150E333-8FDC-42A3-9474-1A3956D46DE8}") = "Orders", "Orders", "{F69F662F-8A6A-4F48-B5BD-A7165E61D2B4}"
EndProject
Project("{2150E333-8FDC-42A3-9474-1A3956D46DE8}") = "Core", "Core", "{CE1B926A-A0BA-42C5-B121-96D4F9802BD6}"
EndProject
Project("{2150E333-8FDC-42A3-9474-1A3956D46DE8}") = "InfraStructure", "InfraStructure", "{C2A5914C-F601-49F9-B707-361B544CA084}"
EndProject
Project("{2150E333-8FDC-42A3-9474-1A3956D46DE8}") = "Presentation", "Presentation", "{D0684F31-BD58-4792-918C-8BAF52D64D55}"
EndProject
Project("{FAE04EC0-301F-11D3-BF4B-00C04F79EFBC}") = "MultiShop.Orders.Domain", "Services\Orders\Core\MultiShop.Orders.Domain\MultiShop.Orders.Domain.csproj", "{11C751DF-A70E-45D8-A367-36B40ED84804}"
EndProject
Project("{FAE04EC0-301F-11D3-BF4B-00C04F79EFBC}") = "MultiShop.Orders.Application", "Services\Orders\Core\MultiShop.Orders.Application\MultiShop.Orders.Application.csproj", "{F59F0EEB-00C7-46FD-9CEA-B48906A1D2D1}"
EndProject
Project("{FAE04EC0-301F-11D3-BF4B-00C04F79EFBC}") = "MultiShop.Orders.Persistance", "Services\Orders\Infrastructure\MultiShop.Orders.Persistance\MultiShop.Orders.Persistance.csproj", "{EAA6F38C-F557-4281-8CBE-91482A3FDF17}"
EndProject
Project("{FAE04EC0-301F-11D3-BF4B-00C04F79EFBC}") = "MultiShop.Orders.WebApi", "Services\Orders\Presentation\MultiShop.Orders.WebApi\MultiShop.Orders.WebApi.csproj", "{760C7F9F-68B2-423B-8135-CD47010F5AC1}"
EndProject
Project("{2150E333-8FDC-42A3-9474-1A3956D46DE8}") = "IdentityServer", "IdentityServer", "{B0A526E9-2F29-4398-BCF0-50C36306E419}"
EndProject
Project("{FAE04EC0-301F-11D3-BF4B-00C04F79EFBC}") = "MultiShop.IdentityServer", "IdentityServer\MultiShop.IdentityServer\MultiShop.IdentityServer.csproj", "{3A331DC2-BD39-4BFA-A41D-B65BD7229227}"
EndProject
Project("{2150E333-8FDC-42A3-9474-1A3956D46DE8}") = "Cargo", "Cargo", "{BD23C2AC-A7B7-4130-BD11-ACACE066C906}"
EndProject
Project("{FAE04EC0-301F-11D3-BF4B-00C04F79EFBC}") = "Multishop.Cargo.EntityLayer", "Services\Cargo\Multishop.Cargo.EntityLayer\Multishop.Cargo.EntityLayer.csproj", "{F08DBF77-D3A0-4FAF-B161-CB4C3877FF78}"
EndProject
Project("{FAE04EC0-301F-11D3-BF4B-00C04F79EFBC}") = "Multishop.Cargo.BusinessLayer", "Services\Cargo\Multishop.Cargo.BusinessLayer\Multishop.Cargo.BusinessLayer.csproj", "{C3ABB4E7-3AA0-4050-BC1E-E40C4594E42D}"
EndProject
Project("{FAE04EC0-301F-11D3-BF4B-00C04F79EFBC}") = "Multishop.Cargo.DataAccessLayer", "Services\Cargo\Multishop.Cargo.DataAccessLayer\Multishop.Cargo.DataAccessLayer.csproj", "{F32EE684-EAD3-4E53-AEB3-77F59BC01095}"
EndProject
Project("{FAE04EC0-301F-11D3-BF4B-00C04F79EFBC}") = "Multishop.Cargo.DtosLayer", "Services\Cargo\Multishop.Cargo.DtosLayer\Multishop.Cargo.DtosLayer.csproj", "{1D664452-E7D5-419B-BF9D-69AC78353EDA}"
EndProject
Project("{FAE04EC0-301F-11D3-BF4B-00C04F79EFBC}") = "Multishop.Cargo.WebApi", "Services\Cargo\Multishop.Cargo.WebApi\Multishop.Cargo.WebApi.csproj", "{E9BE9B7E-0D52-4D7B-ACE6-98C3ED233A8D}"
EndProject
Project("{2150E333-8FDC-42A3-9474-1A3956D46DE8}") = "Basket", "Basket", "{19899E35-D0F0-4998-8AAF-412E41C008E6}"
EndProject
Project("{FAE04EC0-301F-11D3-BF4B-00C04F79EFBC}") = "MultiShop.Basket", "Services\Basket\MultiShop.Basket\MultiShop.Basket.csproj", "{08A183C1-3215-4EC3-9536-016B5F8A3E02}"
EndProject
Project("{2150E333-8FDC-42A3-9474-1A3956D46DE8}") = "Frontends", "Frontends", "{87818BBA-F54C-4FEA-AA95-D78A2289885C}"
EndProject
Project("{FAE04EC0-301F-11D3-BF4B-00C04F79EFBC}") = "MultiShop.WebUI", "Frontends\MultiShop.WebUI\MultiShop.WebUI.csproj", "{4FAA4290-9CD6-4870-8821-E3F27E177CA2}"
EndProject
Project("{FAE04EC0-301F-11D3-BF4B-00C04F79EFBC}") = "MultiShop.DtoLayer", "Frondends\MultiShop.DtoLayer\MultiShop.DtoLayer.csproj", "{118A9A58-8AFA-4EA8-962D-E8042A108C9D}"
EndProject
Global
	GlobalSection(SolutionConfigurationPlatforms) = preSolution
		Debug|Any CPU = Debug|Any CPU
		Release|Any CPU = Release|Any CPU
	EndGlobalSection
	GlobalSection(ProjectConfigurationPlatforms) = postSolution
		{5BE8F1FD-7BAA-45F8-A6F1-C69B9F28FFA7}.Debug|Any CPU.ActiveCfg = Debug|Any CPU
		{5BE8F1FD-7BAA-45F8-A6F1-C69B9F28FFA7}.Debug|Any CPU.Build.0 = Debug|Any CPU
		{5BE8F1FD-7BAA-45F8-A6F1-C69B9F28FFA7}.Release|Any CPU.ActiveCfg = Release|Any CPU
		{5BE8F1FD-7BAA-45F8-A6F1-C69B9F28FFA7}.Release|Any CPU.Build.0 = Release|Any CPU
		{F12BC12E-F9E4-4D5E-B5CA-D798A2BEA05E}.Debug|Any CPU.ActiveCfg = Debug|Any CPU
		{F12BC12E-F9E4-4D5E-B5CA-D798A2BEA05E}.Debug|Any CPU.Build.0 = Debug|Any CPU
		{F12BC12E-F9E4-4D5E-B5CA-D798A2BEA05E}.Release|Any CPU.ActiveCfg = Release|Any CPU
		{F12BC12E-F9E4-4D5E-B5CA-D798A2BEA05E}.Release|Any CPU.Build.0 = Release|Any CPU
		{11C751DF-A70E-45D8-A367-36B40ED84804}.Debug|Any CPU.ActiveCfg = Debug|Any CPU
		{11C751DF-A70E-45D8-A367-36B40ED84804}.Debug|Any CPU.Build.0 = Debug|Any CPU
		{11C751DF-A70E-45D8-A367-36B40ED84804}.Release|Any CPU.ActiveCfg = Release|Any CPU
		{11C751DF-A70E-45D8-A367-36B40ED84804}.Release|Any CPU.Build.0 = Release|Any CPU
		{F59F0EEB-00C7-46FD-9CEA-B48906A1D2D1}.Debug|Any CPU.ActiveCfg = Debug|Any CPU
		{F59F0EEB-00C7-46FD-9CEA-B48906A1D2D1}.Debug|Any CPU.Build.0 = Debug|Any CPU
		{F59F0EEB-00C7-46FD-9CEA-B48906A1D2D1}.Release|Any CPU.ActiveCfg = Release|Any CPU
		{F59F0EEB-00C7-46FD-9CEA-B48906A1D2D1}.Release|Any CPU.Build.0 = Release|Any CPU
		{EAA6F38C-F557-4281-8CBE-91482A3FDF17}.Debug|Any CPU.ActiveCfg = Debug|Any CPU
		{EAA6F38C-F557-4281-8CBE-91482A3FDF17}.Debug|Any CPU.Build.0 = Debug|Any CPU
		{EAA6F38C-F557-4281-8CBE-91482A3FDF17}.Release|Any CPU.ActiveCfg = Release|Any CPU
		{EAA6F38C-F557-4281-8CBE-91482A3FDF17}.Release|Any CPU.Build.0 = Release|Any CPU
		{760C7F9F-68B2-423B-8135-CD47010F5AC1}.Debug|Any CPU.ActiveCfg = Debug|Any CPU
		{760C7F9F-68B2-423B-8135-CD47010F5AC1}.Debug|Any CPU.Build.0 = Debug|Any CPU
		{760C7F9F-68B2-423B-8135-CD47010F5AC1}.Release|Any CPU.ActiveCfg = Release|Any CPU
		{760C7F9F-68B2-423B-8135-CD47010F5AC1}.Release|Any CPU.Build.0 = Release|Any CPU
		{3A331DC2-BD39-4BFA-A41D-B65BD7229227}.Debug|Any CPU.ActiveCfg = Debug|Any CPU
		{3A331DC2-BD39-4BFA-A41D-B65BD7229227}.Debug|Any CPU.Build.0 = Debug|Any CPU
		{3A331DC2-BD39-4BFA-A41D-B65BD7229227}.Release|Any CPU.ActiveCfg = Release|Any CPU
		{3A331DC2-BD39-4BFA-A41D-B65BD7229227}.Release|Any CPU.Build.0 = Release|Any CPU
		{F08DBF77-D3A0-4FAF-B161-CB4C3877FF78}.Debug|Any CPU.ActiveCfg = Debug|Any CPU
		{F08DBF77-D3A0-4FAF-B161-CB4C3877FF78}.Debug|Any CPU.Build.0 = Debug|Any CPU
		{F08DBF77-D3A0-4FAF-B161-CB4C3877FF78}.Release|Any CPU.ActiveCfg = Release|Any CPU
		{F08DBF77-D3A0-4FAF-B161-CB4C3877FF78}.Release|Any CPU.Build.0 = Release|Any CPU
		{C3ABB4E7-3AA0-4050-BC1E-E40C4594E42D}.Debug|Any CPU.ActiveCfg = Debug|Any CPU
		{C3ABB4E7-3AA0-4050-BC1E-E40C4594E42D}.Debug|Any CPU.Build.0 = Debug|Any CPU
		{C3ABB4E7-3AA0-4050-BC1E-E40C4594E42D}.Release|Any CPU.ActiveCfg = Release|Any CPU
		{C3ABB4E7-3AA0-4050-BC1E-E40C4594E42D}.Release|Any CPU.Build.0 = Release|Any CPU
		{F32EE684-EAD3-4E53-AEB3-77F59BC01095}.Debug|Any CPU.ActiveCfg = Debug|Any CPU
		{F32EE684-EAD3-4E53-AEB3-77F59BC01095}.Debug|Any CPU.Build.0 = Debug|Any CPU
		{F32EE684-EAD3-4E53-AEB3-77F59BC01095}.Release|Any CPU.ActiveCfg = Release|Any CPU
		{F32EE684-EAD3-4E53-AEB3-77F59BC01095}.Release|Any CPU.Build.0 = Release|Any CPU
		{1D664452-E7D5-419B-BF9D-69AC78353EDA}.Debug|Any CPU.ActiveCfg = Debug|Any CPU
		{1D664452-E7D5-419B-BF9D-69AC78353EDA}.Debug|Any CPU.Build.0 = Debug|Any CPU
		{1D664452-E7D5-419B-BF9D-69AC78353EDA}.Release|Any CPU.ActiveCfg = Release|Any CPU
		{1D664452-E7D5-419B-BF9D-69AC78353EDA}.Release|Any CPU.Build.0 = Release|Any CPU
		{E9BE9B7E-0D52-4D7B-ACE6-98C3ED233A8D}.Debug|Any CPU.ActiveCfg = Debug|Any CPU
		{E9BE9B7E-0D52-4D7B-ACE6-98C3ED233A8D}.Debug|Any CPU.Build.0 = Debug|Any CPU
		{E9BE9B7E-0D52-4D7B-ACE6-98C3ED233A8D}.Release|Any CPU.ActiveCfg = Release|Any CPU
		{E9BE9B7E-0D52-4D7B-ACE6-98C3ED233A8D}.Release|Any CPU.Build.0 = Release|Any CPU
		{08A183C1-3215-4EC3-9536-016B5F8A3E02}.Debug|Any CPU.ActiveCfg = Debug|Any CPU
		{08A183C1-3215-4EC3-9536-016B5F8A3E02}.Debug|Any CPU.Build.0 = Debug|Any CPU
		{08A183C1-3215-4EC3-9536-016B5F8A3E02}.Release|Any CPU.ActiveCfg = Release|Any CPU
		{08A183C1-3215-4EC3-9536-016B5F8A3E02}.Release|Any CPU.Build.0 = Release|Any CPU
		{4FAA4290-9CD6-4870-8821-E3F27E177CA2}.Debug|Any CPU.ActiveCfg = Debug|Any CPU
		{4FAA4290-9CD6-4870-8821-E3F27E177CA2}.Debug|Any CPU.Build.0 = Debug|Any CPU
		{4FAA4290-9CD6-4870-8821-E3F27E177CA2}.Release|Any CPU.ActiveCfg = Release|Any CPU
		{4FAA4290-9CD6-4870-8821-E3F27E177CA2}.Release|Any CPU.Build.0 = Release|Any CPU
		{118A9A58-8AFA-4EA8-962D-E8042A108C9D}.Debug|Any CPU.ActiveCfg = Debug|Any CPU
		{118A9A58-8AFA-4EA8-962D-E8042A108C9D}.Debug|Any CPU.Build.0 = Debug|Any CPU
		{118A9A58-8AFA-4EA8-962D-E8042A108C9D}.Release|Any CPU.ActiveCfg = Release|Any CPU
		{118A9A58-8AFA-4EA8-962D-E8042A108C9D}.Release|Any CPU.Build.0 = Release|Any CPU
	EndGlobalSection
	GlobalSection(SolutionProperties) = preSolution
		HideSolutionNode = FALSE
	EndGlobalSection
	GlobalSection(NestedProjects) = preSolution
		{DF475147-6881-41C1-99C6-D6F2B9601979} = {AF646003-382D-4FA3-B57E-79DEB82D0AAA}
		{5BE8F1FD-7BAA-45F8-A6F1-C69B9F28FFA7} = {DF475147-6881-41C1-99C6-D6F2B9601979}
		{96382D3A-7EE6-49A2-B2AE-DE9078D12468} = {AF646003-382D-4FA3-B57E-79DEB82D0AAA}
		{F12BC12E-F9E4-4D5E-B5CA-D798A2BEA05E} = {96382D3A-7EE6-49A2-B2AE-DE9078D12468}
		{F69F662F-8A6A-4F48-B5BD-A7165E61D2B4} = {AF646003-382D-4FA3-B57E-79DEB82D0AAA}
		{CE1B926A-A0BA-42C5-B121-96D4F9802BD6} = {F69F662F-8A6A-4F48-B5BD-A7165E61D2B4}
		{C2A5914C-F601-49F9-B707-361B544CA084} = {F69F662F-8A6A-4F48-B5BD-A7165E61D2B4}
		{D0684F31-BD58-4792-918C-8BAF52D64D55} = {F69F662F-8A6A-4F48-B5BD-A7165E61D2B4}
		{11C751DF-A70E-45D8-A367-36B40ED84804} = {CE1B926A-A0BA-42C5-B121-96D4F9802BD6}
		{F59F0EEB-00C7-46FD-9CEA-B48906A1D2D1} = {CE1B926A-A0BA-42C5-B121-96D4F9802BD6}
		{EAA6F38C-F557-4281-8CBE-91482A3FDF17} = {C2A5914C-F601-49F9-B707-361B544CA084}
		{760C7F9F-68B2-423B-8135-CD47010F5AC1} = {D0684F31-BD58-4792-918C-8BAF52D64D55}
		{3A331DC2-BD39-4BFA-A41D-B65BD7229227} = {B0A526E9-2F29-4398-BCF0-50C36306E419}
		{BD23C2AC-A7B7-4130-BD11-ACACE066C906} = {AF646003-382D-4FA3-B57E-79DEB82D0AAA}
		{F08DBF77-D3A0-4FAF-B161-CB4C3877FF78} = {BD23C2AC-A7B7-4130-BD11-ACACE066C906}
		{C3ABB4E7-3AA0-4050-BC1E-E40C4594E42D} = {BD23C2AC-A7B7-4130-BD11-ACACE066C906}
		{F32EE684-EAD3-4E53-AEB3-77F59BC01095} = {BD23C2AC-A7B7-4130-BD11-ACACE066C906}
		{1D664452-E7D5-419B-BF9D-69AC78353EDA} = {BD23C2AC-A7B7-4130-BD11-ACACE066C906}
		{E9BE9B7E-0D52-4D7B-ACE6-98C3ED233A8D} = {BD23C2AC-A7B7-4130-BD11-ACACE066C906}
		{19899E35-D0F0-4998-8AAF-412E41C008E6} = {AF646003-382D-4FA3-B57E-79DEB82D0AAA}
		{08A183C1-3215-4EC3-9536-016B5F8A3E02} = {19899E35-D0F0-4998-8AAF-412E41C008E6}
		{4FAA4290-9CD6-4870-8821-E3F27E177CA2} = {87818BBA-F54C-4FEA-AA95-D78A2289885C}
		{118A9A58-8AFA-4EA8-962D-E8042A108C9D} = {87818BBA-F54C-4FEA-AA95-D78A2289885C}
	EndGlobalSection
EndGlobal
